// !$*UTF8*$!
{
	archiveVersion = 1;
	classes = {
	};
	objectVersion = 77;
	objects = {

/* Begin PBXBuildFile section */
		A100000E2FB15B550018D543 /* WheelOfLifeWidget.appex in Embed Foundation Extensions */ = {isa = PBXBuildFile; fileRef = A10000032FB15B550018D543 /* WheelOfLifeWidget.appex */; settings = {ATTRIBUTES = (RemoveHeadersOnCopy, ); }; };
/* End PBXBuildFile section */

/* Begin PBXContainerItemProxy section */
		BE7153372FB15B550018D543 /* PBXContainerItemProxy */ = {
			isa = PBXContainerItemProxy;
			containerPortal = BE7153212FB15B540018D543 /* Project object */;
			proxyType = 1;
			remoteGlobalIDString = BE7153282FB15B540018D543;
			remoteInfo = WheelOfLife;
		};
		BE7153412FB15B550018D543 /* PBXContainerItemProxy */ = {
			isa = PBXContainerItemProxy;
			containerPortal = BE7153212FB15B540018D543 /* Project object */;
			proxyType = 1;
			remoteGlobalIDString = BE7153282FB15B540018D543;
			remoteInfo = WheelOfLife;
		};
		A10000062FB15B550018D543 /* PBXContainerItemProxy */ = {
			isa = PBXContainerItemProxy;
			containerPortal = BE7153212FB15B540018D543 /* Project object */;
			proxyType = 1;
			remoteGlobalIDString = A10000012FB15B550018D543;
			remoteInfo = WheelOfLifeWidget;
		};
/* End PBXContainerItemProxy section */

/* Begin PBXFileReference section */
		BE7153292FB15B540018D543 /* WheelOfLife.app */ = {isa = PBXFileReference; explicitFileType = wrapper.application; includeInIndex = 0; path = WheelOfLife.app; sourceTree = BUILT_PRODUCTS_DIR; };
		BE7153362FB15B550018D543 /* WheelOfLifeTests.xctest */ = {isa = PBXFileReference; explicitFileType = wrapper.cfbundle; includeInIndex = 0; path = WheelOfLifeTests.xctest; sourceTree = BUILT_PRODUCTS_DIR; };
		BE7153402FB15B550018D543 /* WheelOfLifeUITests.xctest */ = {isa = PBXFileReference; explicitFileType = wrapper.cfbundle; includeInIndex = 0; path = WheelOfLifeUITests.xctest; sourceTree = BUILT_PRODUCTS_DIR; };
		A10000032FB15B550018D543 /* WheelOfLifeWidget.appex */ = {isa = PBXFileReference; explicitFileType = "wrapper.app-extension"; includeInIndex = 0; path = WheelOfLifeWidget.appex; sourceTree = BUILT_PRODUCTS_DIR; };
/* End PBXFileReference section */

/* Begin PBXFileSystemSynchronizedRootGroup section */
		BE71532B2FB15B540018D543 /* WheelOfLife */ = {
			isa = PBXFileSystemSynchronizedRootGroup;
			path = WheelOfLife;
			sourceTree = "<group>";
		};
		BE7153392FB15B550018D543 /* WheelOfLifeTests */ = {
			isa = PBXFileSystemSynchronizedRootGroup;
			path = WheelOfLifeTests;
			sourceTree = "<group>";
		};
		BE7153432FB15B550018D543 /* WheelOfLifeUITests */ = {
			isa = PBXFileSystemSynchronizedRootGroup;
			path = WheelOfLifeUITests;
			sourceTree = "<group>";
		};
		A100000F2FB15B550018D543 /* Exceptions for "WheelOfLifeWidget" folder in "WheelOfLifeWidget" target */ = {
			isa = PBXFileSystemSynchronizedBuildFileExceptionSet;
			membershipExceptions = (
				Info.plist,
			);
			target = A10000012FB15B550018D543 /* WheelOfLifeWidget */;
		};
		A10000022FB15B550018D543 /* WheelOfLifeWidget */ = {
			isa = PBXFileSystemSynchronizedRootGroup;
			exceptions = (
				A100000F2FB15B550018D543 /* Exceptions for "WheelOfLifeWidget" folder in "WheelOfLifeWidget" target */,
			);
			path = WheelOfLifeWidget;
			sourceTree = "<group>";
		};
/* End PBXFileSystemSynchronizedRootGroup section */

/* Begin PBXFrameworksBuildPhase section */
		BE7153262FB15B540018D543 /* Frameworks */ = {
			isa = PBXFrameworksBuildPhase;
			buildActionMask = 2147483647;
			files = (
			);
			runOnlyForDeploymentPostprocessing = 0;
		};
		BE7153332FB15B550018D543 /* Frameworks */ = {
			isa = PBXFrameworksBuildPhase;
			buildActionMask = 2147483647;
			files = (
			);
			runOnlyForDeploymentPostprocessing = 0;
		};
		BE71533D2FB15B550018D543 /* Frameworks */ = {
			isa = PBXFrameworksBuildPhase;
			buildActionMask = 2147483647;
			files = (
			);
			runOnlyForDeploymentPostprocessing = 0;
		};
		A10000072FB15B550018D543 /* Frameworks */ = {
			isa = PBXFrameworksBuildPhase;
			buildActionMask = 2147483647;
			files = (
			);
			runOnlyForDeploymentPostprocessing = 0;
		};
/* End PBXFrameworksBuildPhase section */

/* Begin PBXGroup section */
		BE7153202FB15B540018D543 = {
			isa = PBXGroup;
			children = (
				BE71532B2FB15B540018D543 /* WheelOfLife */,
				A10000022FB15B550018D543 /* WheelOfLifeWidget */,
				BE7153392FB15B550018D543 /* WheelOfLifeTests */,
				BE7153432FB15B550018D543 /* WheelOfLifeUITests */,
				BE71532A2FB15B540018D543 /* Products */,
			);
			sourceTree = "<group>";
		};
		BE71532A2FB15B540018D543 /* Products */ = {
			isa = PBXGroup;
			children = (
				BE7153292FB15B540018D543 /* WheelOfLife.app */,
				A10000032FB15B550018D543 /* WheelOfLifeWidget.appex */,
				BE7153362FB15B550018D543 /* WheelOfLifeTests.xctest */,
				BE7153402FB15B550018D543 /* WheelOfLifeUITests.xctest */,
			);
			name = Products;
			sourceTree = "<group>";
		};
/* End PBXGroup section */

/* Begin PBXCopyFilesBuildPhase section */
		A10000042FB15B550018D543 /* Embed Foundation Extensions */ = {
			isa = PBXCopyFilesBuildPhase;
			buildActionMask = 2147483647;
			dstPath = "";
			dstSubfolderSpec = 13;
			files = (
				A100000E2FB15B550018D543 /* WheelOfLifeWidget.appex in Embed Foundation Extensions */,
			);
			name = "Embed Foundation Extensions";
			runOnlyForDeploymentPostprocessing = 0;
		};
/* End PBXCopyFilesBuildPhase section */

/* Begin PBXNativeTarget section */
		BE7153282FB15B540018D543 /* WheelOfLife */ = {
			isa = PBXNativeTarget;
			buildConfigurationList = BE71534A2FB15B550018D543 /* Build configuration list for PBXNativeTarget "WheelOfLife" */;
			buildPhases = (
				BE7153252FB15B540018D543 /* Sources */,
				BE7153262FB15B540018D543 /* Frameworks */,
				BE7153272FB15B540018D543 /* Resources */,
				A10000042FB15B550018D543 /* Embed Foundation Extensions */,
			);
			buildRules = (
			);
			dependencies = (
				A10000052FB15B550018D543 /* PBXTargetDependency */,
			);
			fileSystemSynchronizedGroups = (
				BE71532B2FB15B540018D543 /* WheelOfLife */,
			);
			name = WheelOfLife;
			packageProductDependencies = (
			);
			productName = WheelOfLife;
			productReference = BE7153292FB15B540018D543 /* WheelOfLife.app */;
			productType = "com.apple.product-type.application";
		};
		BE7153352FB15B550018D543 /* WheelOfLifeTests */ = {
			isa = PBXNativeTarget;
			buildConfigurationList = BE71534D2FB15B550018D543 /* Build configuration list for PBXNativeTarget "WheelOfLifeTests" */;
			buildPhases = (
				BE7153322FB15B550018D543 /* Sources */,
				BE7153332FB15B550018D543 /* Frameworks */,
				BE7153342FB15B550018D543 /* Resources */,
			);
			buildRules = (
			);
			dependencies = (
				BE7153382FB15B550018D543 /* PBXTargetDependency */,
			);
			fileSystemSynchronizedGroups = (
				BE7153392FB15B550018D543 /* WheelOfLifeTests */,
			);
			name = WheelOfLifeTests;
			packageProductDependencies = (
			);
			productName = WheelOfLifeTests;
			productReference = BE7153362FB15B550018D543 /* WheelOfLifeTests.xctest */;
			productType = "com.apple.product-type.bundle.unit-test";
		};
		BE71533F2FB15B550018D543 /* WheelOfLifeUITests */ = {
			isa = PBXNativeTarget;
			buildConfigurationList = BE7153502FB15B550018D543 /* Build configuration list for PBXNativeTarget "WheelOfLifeUITests" */;
			buildPhases = (
				BE71533C2FB15B550018D543 /* Sources */,
				BE71533D2FB15B550018D543 /* Frameworks */,
				BE71533E2FB15B550018D543 /* Resources */,
			);
			buildRules = (
			);
			dependencies = (
				BE7153422FB15B550018D543 /* PBXTargetDependency */,
			);
			fileSystemSynchronizedGroups = (
				BE7153432FB15B550018D543 /* WheelOfLifeUITests */,
			);
			name = WheelOfLifeUITests;
			packageProductDependencies = (
			);
			productName = WheelOfLifeUITests;
			productReference = BE7153402FB15B550018D543 /* WheelOfLifeUITests.xctest */;
			productType = "com.apple.product-type.bundle.ui-testing";
		};
		A10000012FB15B550018D543 /* WheelOfLifeWidget */ = {
			isa = PBXNativeTarget;
			buildConfigurationList = A100000C2FB15B550018D543 /* Build configuration list for PBXNativeTarget "WheelOfLifeWidget" */;
			buildPhases = (
				A10000092FB15B550018D543 /* Sources */,
				A10000072FB15B550018D543 /* Frameworks */,
				A10000082FB15B550018D543 /* Resources */,
			);
			buildRules = (
			);
			dependencies = (
			);
			fileSystemSynchronizedGroups = (
				A10000022FB15B550018D543 /* WheelOfLifeWidget */,
			);
			name = WheelOfLifeWidget;
			packageProductDependencies = (
			);
			productName = WheelOfLifeWidget;
			productReference = A10000032FB15B550018D543 /* WheelOfLifeWidget.appex */;
			productType = "com.apple.product-type.app-extension";
		};
/* End PBXNativeTarget section */

/* Begin PBXProject section */
		BE7153212FB15B540018D543 /* Project object */ = {
			isa = PBXProject;
			attributes = {
				BuildIndependentTargetsInParallel = 1;
				LastSwiftUpdateCheck = 2640;
				LastUpgradeCheck = 2640;
				TargetAttributes = {
					BE7153282FB15B540018D543 = {
						CreatedOnToolsVersion = 26.4.1;
					};
					BE7153352FB15B550018D543 = {
						CreatedOnToolsVersion = 26.4.1;
						TestTargetID = BE7153282FB15B540018D543;
					};
					BE71533F2FB15B550018D543 = {
						CreatedOnToolsVersion = 26.4.1;
						TestTargetID = BE7153282FB15B540018D543;
					};
					A10000012FB15B550018D543 = {
						CreatedOnToolsVersion = 26.4.1;
					};
				};
			};
			buildConfigurationList = BE7153242FB15B540018D543 /* Build configuration list for PBXProject "WheelOfLife" */;
			developmentRegion = en;
			hasScannedForEncodings = 0;
			knownRegions = (
				en,
				Base,
			);
			mainGroup = BE7153202FB15B540018D543;
			minimizedProjectReferenceProxies = 1;
			preferredProjectObjectVersion = 77;
			productRefGroup = BE71532A2FB15B540018D543 /* Products */;
			projectDirPath = "";
			projectRoot = "";
			targets = (
				BE7153282FB15B540018D543 /* WheelOfLife */,
				A10000012FB15B550018D543 /* WheelOfLifeWidget */,
				BE7153352FB15B550018D543 /* WheelOfLifeTests */,
				BE71533F2FB15B550018D543 /* WheelOfLifeUITests */,
			);
		};
/* End PBXProject section */

/* Begin PBXResourcesBuildPhase section */
		BE7153272FB15B540018D543 /* Resources */ = {
			isa = PBXResourcesBuildPhase;
			buildActionMask = 2147483647;
			files = (
			);
			runOnlyForDeploymentPostprocessing = 0;
		};
		BE7153342FB15B550018D543 /* Resources */ = {
			isa = PBXResourcesBuildPhase;
			buildActionMask = 2147483647;
			files = (
			);
			runOnlyForDeploymentPostprocessing = 0;
		};
		BE71533E2FB15B550018D543 /* Resources */ = {
			isa = PBXResourcesBuildPhase;
			buildActionMask = 2147483647;
			files = (
			);
			runOnlyForDeploymentPostprocessing = 0;
		};
		A10000082FB15B550018D543 /* Resources */ = {
			isa = PBXResourcesBuildPhase;
			buildActionMask = 2147483647;
			files = (
			);
			runOnlyForDeploymentPostprocessing = 0;
		};
/* End PBXResourcesBuildPhase section */

/* Begin PBXSourcesBuildPhase section */
		BE7153252FB15B540018D543 /* Sources */ = {
			isa = PBXSourcesBuildPhase;
			buildActionMask = 2147483647;
			files = (
			);
			runOnlyForDeploymentPostprocessing = 0;
		};
		BE7153322FB15B550018D543 /* Sources */ = {
			isa = PBXSourcesBuildPhase;
			buildActionMask = 2147483647;
			files = (
			);
			runOnlyForDeploymentPostprocessing = 0;
		};
		BE71533C2FB15B550018D543 /* Sources */ = {
			isa = PBXSourcesBuildPhase;
			buildActionMask = 2147483647;
			files = (
			);
			runOnlyForDeploymentPostprocessing = 0;
		};
		A10000092FB15B550018D543 /* Sources */ = {
			isa = PBXSourcesBuildPhase;
			buildActionMask = 2147483647;
			files = (
			);
			runOnlyForDeploymentPostprocessing = 0;
		};
/* End PBXSourcesBuildPhase section */

/* Begin PBXTargetDependency section */
		BE7153382FB15B550018D543 /* PBXTargetDependency */ = {
			isa = PBXTargetDependency;
			target = BE7153282FB15B540018D543 /* WheelOfLife */;
			targetProxy = BE7153372FB15B550018D543 /* PBXContainerItemProxy */;
		};
		BE7153422FB15B550018D543 /* PBXTargetDependency */ = {
			isa = PBXTargetDependency;
			target = BE7153282FB15B540018D543 /* WheelOfLife */;
			targetProxy = BE7153412FB15B550018D543 /* PBXContainerItemProxy */;
		};
		A10000052FB15B550018D543 /* PBXTargetDependency */ = {
			isa = PBXTargetDependency;
			target = A10000012FB15B550018D543 /* WheelOfLifeWidget */;
			targetProxy = A10000062FB15B550018D543 /* PBXContainerItemProxy */;
		};
/* End PBXTargetDependency section */

/* Begin XCBuildConfiguration section */
		BE7153482FB15B550018D543 /* Debug */ = {
			isa = XCBuildConfiguration;
			buildSettings = {
				ALWAYS_SEARCH_USER_PATHS = NO;
				ASSETCATALOG_COMPILER_GENERATE_SWIFT_ASSET_SYMBOL_EXTENSIONS = YES;
				CLANG_ANALYZER_NONNULL = YES;
				CLANG_ANALYZER_NUMBER_OBJECT_CONVERSION = YES_AGGRESSIVE;
				CLANG_CXX_LANGUAGE_STANDARD = "gnu++20";
				CLANG_ENABLE_MODULES = YES;
				CLANG_ENABLE_OBJC_ARC = YES;
				CLANG_ENABLE_OBJC_WEAK = YES;
				CLANG_WARN_BLOCK_CAPTURE_AUTORELEASING = YES;
				CLANG_WARN_BOOL_CONVERSION = YES;
				CLANG_WARN_COMMA = YES;
				CLANG_WARN_CONSTANT_CONVERSION = YES;
				CLANG_WARN_DEPRECATED_OBJC_IMPLEMENTATIONS = YES;
				CLANG_WARN_DIRECT_OBJC_ISA_USAGE = YES_ERROR;
				CLANG_WARN_DOCUMENTATION_COMMENTS = YES;
				CLANG_WARN_EMPTY_BODY = YES;
				CLANG_WARN_ENUM_CONVERSION = YES;
				CLANG_WARN_INFINITE_RECURSION = YES;
				CLANG_WARN_INT_CONVERSION = YES;
				CLANG_WARN_NON_LITERAL_NULL_CONVERSION = YES;
				CLANG_WARN_OBJC_IMPLICIT_RETAIN_SELF = YES;
				CLANG_WARN_OBJC_LITERAL_CONVERSION = YES;
				CLANG_WARN_OBJC_ROOT_CLASS = YES_ERROR;
				CLANG_WARN_QUOTED_INCLUDE_IN_FRAMEWORK_HEADER = YES;
				CLANG_WARN_RANGE_LOOP_ANALYSIS = YES;
				CLANG_WARN_STRICT_PROTOTYPES = YES;
				CLANG_WARN_SUSPICIOUS_MOVE = YES;
				CLANG_WARN_UNGUARDED_AVAILABILITY = YES_AGGRESSIVE;
				CLANG_WARN_UNREACHABLE_CODE = YES;
				CLANG_WARN__DUPLICATE_METHOD_MATCH = YES;
				COPY_PHASE_STRIP = NO;
				DEBUG_INFORMATION_FORMAT = dwarf;
				DEVELOPMENT_TEAM = 2UNF9LFD26;
				ENABLE_STRICT_OBJC_MSGSEND = YES;
				ENABLE_TESTABILITY = YES;
				ENABLE_USER_SCRIPT_SANDBOXING = YES;
				GCC_C_LANGUAGE_STANDARD = gnu17;
				GCC_DYNAMIC_NO_PIC = NO;
				GCC_NO_COMMON_BLOCKS = YES;
				GCC_OPTIMIZATION_LEVEL = 0;
				GCC_PREPROCESSOR_DEFINITIONS = (
					"DEBUG=1",
					"$(inherited)",
				);
				GCC_WARN_64_TO_32_BIT_CONVERSION = YES;
				GCC_WARN_ABOUT_RETURN_TYPE = YES_ERROR;
				GCC_WARN_UNDECLARED_SELECTOR = YES;
				GCC_WARN_UNINITIALIZED_AUTOS = YES_AGGRESSIVE;
				GCC_WARN_UNUSED_FUNCTION = YES;
				GCC_WARN_UNUSED_VARIABLE = YES;
				IPHONEOS_DEPLOYMENT_TARGET = 26.4;
				LOCALIZATION_PREFERS_STRING_CATALOGS = YES;
				MTL_ENABLE_DEBUG_INFO = INCLUDE_SOURCE;
				MTL_FAST_MATH = YES;
				ONLY_ACTIVE_ARCH = YES;
				SDKROOT = iphoneos;
				SWIFT_ACTIVE_COMPILATION_CONDITIONS = "DEBUG $(inherited)";
				SWIFT_OPTIMIZATION_LEVEL = "-Onone";
			};
			name = Debug;
		};
		BE7153492FB15B550018D543 /* Release */ = {
			isa = XCBuildConfiguration;
			buildSettings = {
				ALWAYS_SEARCH_USER_PATHS = NO;
				ASSETCATALOG_COMPILER_GENERATE_SWIFT_ASSET_SYMBOL_EXTENSIONS = YES;
				CLANG_ANALYZER_NONNULL = YES;
				CLANG_ANALYZER_NUMBER_OBJECT_CONVERSION = YES_AGGRESSIVE;
				CLANG_CXX_LANGUAGE_STANDARD = "gnu++20";
				CLANG_ENABLE_MODULES = YES;
				CLANG_ENABLE_OBJC_ARC = YES;
				CLANG_ENABLE_OBJC_WEAK = YES;
				CLANG_WARN_BLOCK_CAPTURE_AUTORELEASING = YES;
				CLANG_WARN_BOOL_CONVERSION = YES;
				CLANG_WARN_COMMA = YES;
				CLANG_WARN_CONSTANT_CONVERSION = YES;
				CLANG_WARN_DEPRECATED_OBJC_IMPLEMENTATIONS = YES;
				CLANG_WARN_DIRECT_OBJC_ISA_USAGE = YES_ERROR;
				CLANG_WARN_DOCUMENTATION_COMMENTS = YES;
				CLANG_WARN_EMPTY_BODY = YES;
				CLANG_WARN_ENUM_CONVERSION = YES;
				CLANG_WARN_INFINITE_RECURSION = YES;
				CLANG_WARN_INT_CONVERSION = YES;
				CLANG_WARN_NON_LITERAL_NULL_CONVERSION = YES;
				CLANG_WARN_OBJC_IMPLICIT_RETAIN_SELF = YES;
				CLANG_WARN_OBJC_LITERAL_CONVERSION = YES;
				CLANG_WARN_OBJC_ROOT_CLASS = YES_ERROR;
				CLANG_WARN_QUOTED_INCLUDE_IN_FRAMEWORK_HEADER = YES;
				CLANG_WARN_RANGE_LOOP_ANALYSIS = YES;
				CLANG_WARN_STRICT_PROTOTYPES = YES;
				CLANG_WARN_SUSPICIOUS_MOVE = YES;
				CLANG_WARN_UNGUARDED_AVAILABILITY = YES_AGGRESSIVE;
				CLANG_WARN_UNREACHABLE_CODE = YES;
				CLANG_WARN__DUPLICATE_METHOD_MATCH = YES;
				COPY_PHASE_STRIP = NO;
				DEBUG_INFORMATION_FORMAT = "dwarf-with-dsym";
				DEVELOPMENT_TEAM = 2UNF9LFD26;
				ENABLE_NS_ASSERTIONS = NO;
				ENABLE_STRICT_OBJC_MSGSEND = YES;
				ENABLE_USER_SCRIPT_SANDBOXING = YES;
				GCC_C_LANGUAGE_STANDARD = gnu17;
				GCC_NO_COMMON_BLOCKS = YES;
				GCC_WARN_64_TO_32_BIT_CONVERSION = YES;
				GCC_WARN_ABOUT_RETURN_TYPE = YES_ERROR;
				GCC_WARN_UNDECLARED_SELECTOR = YES;
				GCC_WARN_UNINITIALIZED_AUTOS = YES_AGGRESSIVE;
				GCC_WARN_UNUSED_FUNCTION = YES;
				GCC_WARN_UNUSED_VARIABLE = YES;
				IPHONEOS_DEPLOYMENT_TARGET = 26.4;
				LOCALIZATION_PREFERS_STRING_CATALOGS = YES;
				MTL_ENABLE_DEBUG_INFO = NO;
				MTL_FAST_MATH = YES;
				SDKROOT = iphoneos;
				SWIFT_COMPILATION_MODE = wholemodule;
				VALIDATE_PRODUCT = YES;
			};
			name = Release;
		};
		BE71534B2FB15B550018D543 /* Debug */ = {
			isa = XCBuildConfiguration;
			buildSettings = {
				ASSETCATALOG_COMPILER_APPICON_NAME = AppIcon;
				ASSETCATALOG_COMPILER_GLOBAL_ACCENT_COLOR_NAME = AccentColor;
				CODE_SIGN_ENTITLEMENTS = WheelOfLife/WheelOfLife.entitlements;
				CODE_SIGN_STYLE = Automatic;
				CURRENT_PROJECT_VERSION = 1;
				DEVELOPMENT_TEAM = 2UNF9LFD26;
				ENABLE_PREVIEWS = YES;
				GENERATE_INFOPLIST_FILE = YES;
				INFOPLIST_KEY_UIApplicationSceneManifest_Generation = YES;
				INFOPLIST_KEY_UIApplicationSupportsIndirectInputEvents = YES;
				INFOPLIST_KEY_UILaunchScreen_Generation = YES;
				INFOPLIST_KEY_UISupportedInterfaceOrientations_iPad = "UIInterfaceOrientationPortrait UIInterfaceOrientationPortraitUpsideDown UIInterfaceOrientationLandscapeLeft UIInterfaceOrientationLandscapeRight";
				INFOPLIST_KEY_UISupportedInterfaceOrientations_iPhone = "UIInterfaceOrientationPortrait UIInterfaceOrientationLandscapeLeft UIInterfaceOrientationLandscapeRight";
				LD_RUNPATH_SEARCH_PATHS = (
					"$(inherited)",
					"@executable_path/Frameworks",
				);
				MARKETING_VERSION = 1.1;
				PRODUCT_BUNDLE_IDENTIFIER = Crimson.WheelOfLife;
				PRODUCT_NAME = "$(TARGET_NAME)";
				STRING_CATALOG_GENERATE_SYMBOLS = YES;
				SWIFT_APPROACHABLE_CONCURRENCY = YES;
				SWIFT_DEFAULT_ACTOR_ISOLATION = MainActor;
				SWIFT_EMIT_LOC_STRINGS = YES;
				SWIFT_UPCOMING_FEATURE_MEMBER_IMPORT_VISIBILITY = YES;
				SWIFT_VERSION = 5.0;
				TARGETED_DEVICE_FAMILY = "1,2";
			};
			name = Debug;
		};
		BE71534C2FB15B550018D543 /* Release */ = {
			isa = XCBuildConfiguration;
			buildSettings = {
				ASSETCATALOG_COMPILER_APPICON_NAME = AppIcon;
				ASSETCATALOG_COMPILER_GLOBAL_ACCENT_COLOR_NAME = AccentColor;
				CODE_SIGN_ENTITLEMENTS = WheelOfLife/WheelOfLife.entitlements;
				CODE_SIGN_STYLE = Automatic;
				CURRENT_PROJECT_VERSION = 1;
				DEVELOPMENT_TEAM = 2UNF9LFD26;
				ENABLE_PREVIEWS = YES;
				GENERATE_INFOPLIST_FILE = YES;
				INFOPLIST_KEY_UIApplicationSceneManifest_Generation = YES;
				INFOPLIST_KEY_UIApplicationSupportsIndirectInputEvents = YES;
				INFOPLIST_KEY_UILaunchScreen_Generation = YES;
				INFOPLIST_KEY_UISupportedInterfaceOrientations_iPad = "UIInterfaceOrientationPortrait UIInterfaceOrientationPortraitUpsideDown UIInterfaceOrientationLandscapeLeft UIInterfaceOrientationLandscapeRight";
				INFOPLIST_KEY_UISupportedInterfaceOrientations_iPhone = "UIInterfaceOrientationPortrait UIInterfaceOrientationLandscapeLeft UIInterfaceOrientationLandscapeRight";
				LD_RUNPATH_SEARCH_PATHS = (
					"$(inherited)",
					"@executable_path/Frameworks",
				);
				MARKETING_VERSION = 1.1;
				PRODUCT_BUNDLE_IDENTIFIER = Crimson.WheelOfLife;
				PRODUCT_NAME = "$(TARGET_NAME)";
				STRING_CATALOG_GENERATE_SYMBOLS = YES;
				SWIFT_APPROACHABLE_CONCURRENCY = YES;
				SWIFT_DEFAULT_ACTOR_ISOLATION = MainActor;
				SWIFT_EMIT_LOC_STRINGS = YES;
				SWIFT_UPCOMING_FEATURE_MEMBER_IMPORT_VISIBILITY = YES;
				SWIFT_VERSION = 5.0;
				TARGETED_DEVICE_FAMILY = "1,2";
			};
			name = Release;
		};
		BE71534E2FB15B550018D543 /* Debug */ = {
			isa = XCBuildConfiguration;
			buildSettings = {
				BUNDLE_LOADER = "$(TEST_HOST)";
				CODE_SIGN_STYLE = Automatic;
				CURRENT_PROJECT_VERSION = 1;
				DEVELOPMENT_TEAM = 2UNF9LFD26;
				GENERATE_INFOPLIST_FILE = YES;
				IPHONEOS_DEPLOYMENT_TARGET = 26.4;
				MARKETING_VERSION = 1.0;
				PRODUCT_BUNDLE_IDENTIFIER = Crimson.WheelOfLifeTests;
				PRODUCT_NAME = "$(TARGET_NAME)";
				STRING_CATALOG_GENERATE_SYMBOLS = NO;
				SWIFT_APPROACHABLE_CONCURRENCY = YES;
				SWIFT_EMIT_LOC_STRINGS = NO;
				SWIFT_UPCOMING_FEATURE_MEMBER_IMPORT_VISIBILITY = YES;
				SWIFT_VERSION = 5.0;
				TARGETED_DEVICE_FAMILY = "1,2";
				TEST_HOST = "$(BUILT_PRODUCTS_DIR)/WheelOfLife.app/$(BUNDLE_EXECUTABLE_FOLDER_PATH)/WheelOfLife";
			};
			name = Debug;
		};
		BE71534F2FB15B550018D543 /* Release */ = {
			isa = XCBuildConfiguration;
			buildSettings = {
				BUNDLE_LOADER = "$(TEST_HOST)";
				CODE_SIGN_STYLE = Automatic;
				CURRENT_PROJECT_VERSION = 1;
				DEVELOPMENT_TEAM = 2UNF9LFD26;
				GENERATE_INFOPLIST_FILE = YES;
				IPHONEOS_DEPLOYMENT_TARGET = 26.4;
				MARKETING_VERSION = 1.0;
				PRODUCT_BUNDLE_IDENTIFIER = Crimson.WheelOfLifeTests;
				PRODUCT_NAME = "$(TARGET_NAME)";
				STRING_CATALOG_GENERATE_SYMBOLS = NO;
				SWIFT_APPROACHABLE_CONCURRENCY = YES;
				SWIFT_EMIT_LOC_STRINGS = NO;
				SWIFT_UPCOMING_FEATURE_MEMBER_IMPORT_VISIBILITY = YES;
				SWIFT_VERSION = 5.0;
				TARGETED_DEVICE_FAMILY = "1,2";
				TEST_HOST = "$(BUILT_PRODUCTS_DIR)/WheelOfLife.app/$(BUNDLE_EXECUTABLE_FOLDER_PATH)/WheelOfLife";
			};
			name = Release;
		};
		BE7153512FB15B550018D543 /* Debug */ = {
			isa = XCBuildConfiguration;
			buildSettings = {
				CODE_SIGN_STYLE = Automatic;
				CURRENT_PROJECT_VERSION = 1;
				DEVELOPMENT_TEAM = 2UNF9LFD26;
				GENERATE_INFOPLIST_FILE = YES;
				MARKETING_VERSION = 1.0;
				PRODUCT_BUNDLE_IDENTIFIER = Crimson.WheelOfLifeUITests;
				PRODUCT_NAME = "$(TARGET_NAME)";
				STRING_CATALOG_GENERATE_SYMBOLS = NO;
				SWIFT_APPROACHABLE_CONCURRENCY = YES;
				SWIFT_EMIT_LOC_STRINGS = NO;
				SWIFT_UPCOMING_FEATURE_MEMBER_IMPORT_VISIBILITY = YES;
				SWIFT_VERSION = 5.0;
				TARGETED_DEVICE_FAMILY = "1,2";
				TEST_TARGET_NAME = WheelOfLife;
			};
			name = Debug;
		};
		BE7153522FB15B550018D543 /* Release */ = {
			isa = XCBuildConfiguration;
			buildSettings = {
				CODE_SIGN_STYLE = Automatic;
				CURRENT_PROJECT_VERSION = 1;
				DEVELOPMENT_TEAM = 2UNF9LFD26;
				GENERATE_INFOPLIST_FILE = YES;
				MARKETING_VERSION = 1.0;
				PRODUCT_BUNDLE_IDENTIFIER = Crimson.WheelOfLifeUITests;
				PRODUCT_NAME = "$(TARGET_NAME)";
				STRING_CATALOG_GENERATE_SYMBOLS = NO;
				SWIFT_APPROACHABLE_CONCURRENCY = YES;
				SWIFT_EMIT_LOC_STRINGS = NO;
				SWIFT_UPCOMING_FEATURE_MEMBER_IMPORT_VISIBILITY = YES;
				SWIFT_VERSION = 5.0;
				TARGETED_DEVICE_FAMILY = "1,2";
				TEST_TARGET_NAME = WheelOfLife;
			};
			name = Release;
		};
		A100000A2FB15B550018D543 /* Debug */ = {
			isa = XCBuildConfiguration;
			buildSettings = {
				CODE_SIGN_ENTITLEMENTS = WheelOfLifeWidget/WheelOfLifeWidget.entitlements;
				CODE_SIGN_STYLE = Automatic;
				CURRENT_PROJECT_VERSION = 1;
				DEVELOPMENT_TEAM = 2UNF9LFD26;
				GENERATE_INFOPLIST_FILE = YES;
				INFOPLIST_FILE = WheelOfLifeWidget/Info.plist;
				INFOPLIST_KEY_CFBundleDisplayName = "Wheel of Life";
				INFOPLIST_KEY_NSHumanReadableCopyright = "";
				LD_RUNPATH_SEARCH_PATHS = (
					"$(inherited)",
					"@executable_path/Frameworks",
					"@executable_path/../../Frameworks",
				);
				MARKETING_VERSION = 1.1;
				PRODUCT_BUNDLE_IDENTIFIER = Crimson.WheelOfLife.Widget;
				PRODUCT_NAME = "$(TARGET_NAME)";
				SKIP_INSTALL = YES;
				STRING_CATALOG_GENERATE_SYMBOLS = YES;
				SWIFT_APPROACHABLE_CONCURRENCY = YES;
				SWIFT_EMIT_LOC_STRINGS = YES;
				SWIFT_UPCOMING_FEATURE_MEMBER_IMPORT_VISIBILITY = YES;
				SWIFT_VERSION = 5.0;
				TARGETED_DEVICE_FAMILY = "1,2";
			};
			name = Debug;
		};
		A100000B2FB15B550018D543 /* Release */ = {
			isa = XCBuildConfiguration;
			buildSettings = {
				CODE_SIGN_ENTITLEMENTS = WheelOfLifeWidget/WheelOfLifeWidget.entitlements;
				CODE_SIGN_STYLE = Automatic;
				CURRENT_PROJECT_VERSION = 1;
				DEVELOPMENT_TEAM = 2UNF9LFD26;
				GENERATE_INFOPLIST_FILE = YES;
				INFOPLIST_FILE = WheelOfLifeWidget/Info.plist;
				INFOPLIST_KEY_CFBundleDisplayName = "Wheel of Life";
				INFOPLIST_KEY_NSHumanReadableCopyright = "";
				LD_RUNPATH_SEARCH_PATHS = (
					"$(inherited)",
					"@executable_path/Frameworks",
					"@executable_path/../../Frameworks",
				);
				MARKETING_VERSION = 1.1;
				PRODUCT_BUNDLE_IDENTIFIER = Crimson.WheelOfLife.Widget;
				PRODUCT_NAME = "$(TARGET_NAME)";
				SKIP_INSTALL = YES;
				STRING_CATALOG_GENERATE_SYMBOLS = YES;
				SWIFT_APPROACHABLE_CONCURRENCY = YES;
				SWIFT_EMIT_LOC_STRINGS = YES;
				SWIFT_UPCOMING_FEATURE_MEMBER_IMPORT_VISIBILITY = YES;
				SWIFT_VERSION = 5.0;
				TARGETED_DEVICE_FAMILY = "1,2";
			};
			name = Release;
		};
/* End XCBuildConfiguration section */

/* Begin XCConfigurationList section */
		BE7153242FB15B540018D543 /* Build configuration list for PBXProject "WheelOfLife" */ = {
			isa = XCConfigurationList;
			buildConfigurations = (
				BE7153482FB15B550018D543 /* Debug */,
				BE7153492FB15B550018D543 /* Release */,
			);
			defaultConfigurationIsVisible = 0;
			defaultConfigurationName = Release;
		};
		BE71534A2FB15B550018D543 /* Build configuration list for PBXNativeTarget "WheelOfLife" */ = {
			isa = XCConfigurationList;
			buildConfigurations = (
				BE71534B2FB15B550018D543 /* Debug */,
				BE71534C2FB15B550018D543 /* Release */,
			);
			defaultConfigurationIsVisible = 0;
			defaultConfigurationName = Release;
		};
		BE71534D2FB15B550018D543 /* Build configuration list for PBXNativeTarget "WheelOfLifeTests" */ = {
			isa = XCConfigurationList;
			buildConfigurations = (
				BE71534E2FB15B550018D543 /* Debug */,
				BE71534F2FB15B550018D543 /* Release */,
			);
			defaultConfigurationIsVisible = 0;
			defaultConfigurationName = Release;
		};
		BE7153502FB15B550018D543 /* Build configuration list for PBXNativeTarget "WheelOfLifeUITests" */ = {
			isa = XCConfigurationList;
			buildConfigurations = (
				BE7153512FB15B550018D543 /* Debug */,
				BE7153522FB15B550018D543 /* Release */,
			);
			defaultConfigurationIsVisible = 0;
			defaultConfigurationName = Release;
		};
		A100000C2FB15B550018D543 /* Build configuration list for PBXNativeTarget "WheelOfLifeWidget" */ = {
			isa = XCConfigurationList;
			buildConfigurations = (
				A100000A2FB15B550018D543 /* Debug */,
				A100000B2FB15B550018D543 /* Release */,
			);
			defaultConfigurationIsVisible = 0;
			defaultConfigurationName = Release;
		};
/* End XCConfigurationList section */
	};
	rootObject = BE7153212FB15B540018D543 /* Project object */;
}
